Microsoft Visual Studio Solution File, Format Version 12.00
# Visual Studio Version 17
VisualStudioVersion = 17.5.2.0
MinimumVisualStudioVersion = 10.0.40219.1
Project("{FAE04EC0-301F-11D3-BF4B-00C04F79EFBC}") = "MertcanDoner", "MertcanDoner\MertcanDoner.csproj", "{9197ABBF-AD98-C7E0-3A8E-7471CB88C236}"
EndProject
Global
	GlobalSection(SolutionConfigurationPlatforms) = preSolution
		Debug|Any CPU = Debug|Any CPU
		Release|Any CPU = Release|Any CPU
	EndGlobalSection
	GlobalSection(ProjectConfigurationPlatforms) = postSolution
		{9197ABBF-AD98-C7E0-3A8E-7471CB88C236}.Debug|Any CPU.ActiveCfg = Debug|Any CPU
		{9197ABBF-AD98-C7E0-3A8E-7471CB88C236}.Debug|Any CPU.Build.0 = Debug|Any CPU
		{9197ABBF-AD98-C7E0-3A8E-7471CB88C236}.Release|Any CPU.ActiveCfg = Release|Any CPU
		{9197ABBF-AD98-C7E0-3A8E-7471CB88C236}.Release|Any CPU.Build.0 = Release|Any CPU
	EndGlobalSection
	GlobalSection(SolutionProperties) = preSolution
		HideSolutionNode = FALSE
	EndGlobalSection
	GlobalSection(ExtensibilityGlobals) = postSolution
		SolutionGuid = {96D55CBA-10D6-478A-8D52-402F6DCD5A76}
	EndGlobalSection
EndGlobal
